# This file is autogenerated, do not edit; changes may be undone by the next 'dep ensure'.


[[projects]]
  digest = "1:be408f349cae090a7c17a279633d6e62b00068e64af66a582cae0983de8890ea"
  name = "github.com/golang/mock"
  packages = ["gomock"]
  pruneopts = "UT"
  revision = "9fa652df1129bef0e734c9cf9bf6dbae9ef3b9fa"
  version = "1.3.1"

[[projects]]
  digest = "1:7781d5a0e2a74f4d04d16d9a8288c6ecf69a5549cadd21ed4d4d9a342e84f638"
  name = "github.com/tensorflow/tensorflow"
  packages = ["tensorflow/go"]
  pruneopts = "UT"
  revision = "e5bf8de410005de06a7ff5393fafdf832ef1d4ad"
  version = "v2.1.0"

[solve-meta]
  analyzer-name = "dep"
  analyzer-version = 1
  input-imports = [
    "github.com/golang/mock/gomock",
    "github.com/tensorflow/tensorflow/tensorflow/go",
  ]
  solver-name = "gps-cdcl"
  solver-version = 1
